
Microsoft Visual Studio Solution File, Format Version 12.00
# Visual Studio Version 17
VisualStudioVersion = 17.11.35327.3
MinimumVisualStudioVersion = 10.0.40219.1
Project("{FAE04EC0-301F-11D3-BF4B-00C04F79EFBC}") = "Demo.Api", "Demo.Api\Demo.Api.csproj", "{FAF25685-D59B-47C4-92AD-D779119F4877}"
EndProject
Project("{FAE04EC0-301F-11D3-BF4B-00C04F79EFBC}") = "Demo.Tests", "Demo.Tests\Demo.Tests.csproj", "{72AC47A8-D4B3-457D-AA97-0CA2CDC929B2}"
EndProject
Global
	GlobalSection(SolutionConfigurationPlatforms) = preSolution
		Debug|Any CPU = Debug|Any CPU
		Release|Any CPU = Release|Any CPU
	EndGlobalSection
	GlobalSection(ProjectConfigurationPlatforms) = postSolution
		{FAF25685-D59B-47C4-92AD-D779119F4877}.Debug|Any CPU.ActiveCfg = Debug|Any CPU
		{FAF25685-D59B-47C4-92AD-D779119F4877}.Debug|Any CPU.Build.0 = Debug|Any CPU
		{FAF25685-D59B-47C4-92AD-D779119F4877}.Release|Any CPU.ActiveCfg = Release|Any CPU
		{FAF25685-D59B-47C4-92AD-D779119F4877}.Release|Any CPU.Build.0 = Release|Any CPU
		{72AC47A8-D4B3-457D-AA97-0CA2CDC929B2}.Debug|Any CPU.ActiveCfg = Debug|Any CPU
		{72AC47A8-D4B3-457D-AA97-0CA2CDC929B2}.Debug|Any CPU.Build.0 = Debug|Any CPU
		{72AC47A8-D4B3-457D-AA97-0CA2CDC929B2}.Release|Any CPU.ActiveCfg = Release|Any CPU
		{72AC47A8-D4B3-457D-AA97-0CA2CDC929B2}.Release|Any CPU.Build.0 = Release|Any CPU
	EndGlobalSection
	GlobalSection(SolutionProperties) = preSolution
		HideSolutionNode = FALSE
	EndGlobalSection
	GlobalSection(ExtensibilityGlobals) = postSolution
		SolutionGuid = {9055116E-BA07-413C-8144-EE4C953FA9D6}
	EndGlobalSection
EndGlobal
